
Microsoft Visual Studio Solution File, Format Version 12.00
# Visual Studio 14
VisualStudioVersion = 14.0.24720.0
MinimumVisualStudioVersion = 10.0.40219.1
Project("{FAE04EC0-301F-11D3-BF4B-00C04F79EFBC}") = "WindowsFormsApplication1", "WindowsFormsApplication1\WindowsFormsApplication1.csproj", "{2A617F9A-9D1A-4339-AB8C-E09DC902C3BB}"
EndProject
Project("{54435603-DBB4-11D2-8724-00A0C9A8B90C}") = "Setup", "Setup\Setup.vdproj", "{7BF1C81E-8A7C-47D8-A515-CCEB678EE013}"
EndProject
Global
	GlobalSection(SolutionConfigurationPlatforms) = preSolution
		Debug|Any CPU = Debug|Any CPU
		Release|Any CPU = Release|Any CPU
	EndGlobalSection
	GlobalSection(ProjectConfigurationPlatforms) = postSolution
		{2A617F9A-9D1A-4339-AB8C-E09DC902C3BB}.Debug|Any CPU.ActiveCfg = Debug|Any CPU
		{2A617F9A-9D1A-4339-AB8C-E09DC902C3BB}.Debug|Any CPU.Build.0 = Debug|Any CPU
		{2A617F9A-9D1A-4339-AB8C-E09DC902C3BB}.Release|Any CPU.ActiveCfg = Release|Any CPU
		{2A617F9A-9D1A-4339-AB8C-E09DC902C3BB}.Release|Any CPU.Build.0 = Release|Any CPU
		{7BF1C81E-8A7C-47D8-A515-CCEB678EE013}.Debug|Any CPU.ActiveCfg = Debug
		{7BF1C81E-8A7C-47D8-A515-CCEB678EE013}.Release|Any CPU.ActiveCfg = Release
	EndGlobalSection
	GlobalSection(SolutionProperties) = preSolution
		HideSolutionNode = FALSE
	EndGlobalSection
EndGlobal
